
Microsoft Visual Studio Solution File, Format Version 12.00
# Visual Studio Version 16
VisualStudioVersion = 16.0.31605.320
MinimumVisualStudioVersion = 10.0.40219.1
Project("{FAE04EC0-301F-11D3-BF4B-00C04F79EFBC}") = "MiniBoard", "MiniBoard\MiniBoard.csproj", "{83E4B0BD-C96D-4363-A220-0FBE157DB20C}"
EndProject
Global
	GlobalSection(SolutionConfigurationPlatforms) = preSolution
		Debug|Any CPU = Debug|Any CPU
		Release|Any CPU = Release|Any CPU
	EndGlobalSection
	GlobalSection(ProjectConfigurationPlatforms) = postSolution
		{83E4B0BD-C96D-4363-A220-0FBE157DB20C}.Debug|Any CPU.ActiveCfg = Debug|Any CPU
		{83E4B0BD-C96D-4363-A220-0FBE157DB20C}.Debug|Any CPU.Build.0 = Debug|Any CPU
		{83E4B0BD-C96D-4363-A220-0FBE157DB20C}.Release|Any CPU.ActiveCfg = Release|Any CPU
		{83E4B0BD-C96D-4363-A220-0FBE157DB20C}.Release|Any CPU.Build.0 = Release|Any CPU
	EndGlobalSection
	GlobalSection(SolutionProperties) = preSolution
		HideSolutionNode = FALSE
	EndGlobalSection
	GlobalSection(ExtensibilityGlobals) = postSolution
		SolutionGuid = {4051248F-755C-40A4-AE3C-2A112686E737}
	EndGlobalSection
EndGlobal
